// !$*UTF8*$!
{
	archiveVersion = 1;
	classes = {
	};
	objectVersion = 50;
	objects = {

/* Begin PBXBuildFile section */
		DF29F59E23196279009B3CBC /* AppDelegate.swift in Sources */ = {isa = PBXBuildFile; fileRef = DF29F59D23196279009B3CBC /* AppDelegate.swift */; };
		DF29F5A023196279009B3CBC /* ViewController.swift in Sources */ = {isa = PBXBuildFile; fileRef = DF29F59F23196279009B3CBC /* ViewController.swift */; };
		DF29F5A323196279009B3CBC /* Main.storyboard in Resources */ = {isa = PBXBuildFile; fileRef = DF29F5A123196279009B3CBC /* Main.storyboard */; };
		DF29F5A52319627D009B3CBC /* Assets.xcassets in Resources */ = {isa = PBXBuildFile; fileRef = DF29F5A42319627D009B3CBC /* Assets.xcassets */; };
		DF29F5A82319627D009B3CBC /* LaunchScreen.storyboard in Resources */ = {isa = PBXBuildFile; fileRef = DF29F5A62319627D009B3CBC /* LaunchScreen.storyboard */; };
		DF29F5B32319627D009B3CBC /* ZBSToolsSampleTests.swift in Sources */ = {isa = PBXBuildFile; fileRef = DF29F5B22319627D009B3CBC /* ZBSToolsSampleTests.swift */; };
		DF29F5BE2319627D009B3CBC /* ZBSToolsSampleUITests.swift in Sources */ = {isa = PBXBuildFile; fileRef = DF29F5BD2319627D009B3CBC /* ZBSToolsSampleUITests.swift */; };
		DF29F5CE2319705A009B3CBC /* ZBSImagePickerManager.swift in Sources */ = {isa = PBXBuildFile; fileRef = DF29F5CC2319705A009B3CBC /* ZBSImagePickerManager.swift */; };
		DF29F5CF2319705A009B3CBC /* ZBSAlertController.swift in Sources */ = {isa = PBXBuildFile; fileRef = DF29F5CD2319705A009B3CBC /* ZBSAlertController.swift */; };
		DF29F60B231D5A26009B3CBC /* README.md in Resources */ = {isa = PBXBuildFile; fileRef = DF29F60A231D5A26009B3CBC /* README.md */; };
		DF29F60D231D5D0D009B3CBC /* ZBSTools.podspec in Resources */ = {isa = PBXBuildFile; fileRef = DF29F60C231D5D0D009B3CBC /* ZBSTools.podspec */; };
		DF29F60F231D5D1E009B3CBC /* LICENSE in Resources */ = {isa = PBXBuildFile; fileRef = DF29F60E231D5D1E009B3CBC /* LICENSE */; };
/* End PBXBuildFile section */

/* Begin PBXContainerItemProxy section */
		DF29F5AF2319627D009B3CBC /* PBXContainerItemProxy */ = {
			isa = PBXContainerItemProxy;
			containerPortal = DF29F59223196279009B3CBC /* Project object */;
			proxyType = 1;
			remoteGlobalIDString = DF29F59923196279009B3CBC;
			remoteInfo = ZBSToolsSample;
		};
		DF29F5BA2319627D009B3CBC /* PBXContainerItemProxy */ = {
			isa = PBXContainerItemProxy;
			containerPortal = DF29F59223196279009B3CBC /* Project object */;
			proxyType = 1;
			remoteGlobalIDString = DF29F59923196279009B3CBC;
			remoteInfo = ZBSToolsSample;
		};
/* End PBXContainerItemProxy section */

/* Begin PBXFileReference section */
		DF29F59A23196279009B3CBC /* ZBSToolsSample.app */ = {isa = PBXFileReference; explicitFileType = wrapper.application; includeInIndex = 0; path = ZBSToolsSample.app; sourceTree = BUILT_PRODUCTS_DIR; };
		DF29F59D23196279009B3CBC /* AppDelegate.swift */ = {isa = PBXFileReference; lastKnownFileType = sourcecode.swift; path = AppDelegate.swift; sourceTree = "<group>"; };
		DF29F59F23196279009B3CBC /* ViewController.swift */ = {isa = PBXFileReference; lastKnownFileType = sourcecode.swift; path = ViewController.swift; sourceTree = "<group>"; };
		DF29F5A223196279009B3CBC /* Base */ = {isa = PBXFileReference; lastKnownFileType = file.storyboard; name = Base; path = Base.lproj/Main.storyboard; sourceTree = "<group>"; };
		DF29F5A42319627D009B3CBC /* Assets.xcassets */ = {isa = PBXFileReference; lastKnownFileType = folder.assetcatalog; path = Assets.xcassets; sourceTree = "<group>"; };
		DF29F5A72319627D009B3CBC /* Base */ = {isa = PBXFileReference; lastKnownFileType = file.storyboard; name = Base; path = Base.lproj/LaunchScreen.storyboard; sourceTree = "<group>"; };
		DF29F5A92319627D009B3CBC /* Info.plist */ = {isa = PBXFileReference; lastKnownFileType = text.plist.xml; path = Info.plist; sourceTree = "<group>"; };
		DF29F5AE2319627D009B3CBC /* ZBSToolsSampleTests.xctest */ = {isa = PBXFileReference; explicitFileType = wrapper.cfbundle; includeInIndex = 0; path = ZBSToolsSampleTests.xctest; sourceTree = BUILT_PRODUCTS_DIR; };
		DF29F5B22319627D009B3CBC /* ZBSToolsSampleTests.swift */ = {isa = PBXFileReference; lastKnownFileType = sourcecode.swift; path = ZBSToolsSampleTests.swift; sourceTree = "<group>"; };
		DF29F5B42319627D009B3CBC /* Info.plist */ = {isa = PBXFileReference; lastKnownFileType = text.plist.xml; path = Info.plist; sourceTree = "<group>"; };
		DF29F5B92319627D009B3CBC /* ZBSToolsSampleUITests.xctest */ = {isa = PBXFileReference; explicitFileType = wrapper.cfbundle; includeInIndex = 0; path = ZBSToolsSampleUITests.xctest; sourceTree = BUILT_PRODUCTS_DIR; };
		DF29F5BD2319627D009B3CBC /* ZBSToolsSampleUITests.swift */ = {isa = PBXFileReference; lastKnownFileType = sourcecode.swift; path = ZBSToolsSampleUITests.swift; sourceTree = "<group>"; };
		DF29F5BF2319627D009B3CBC /* Info.plist */ = {isa = PBXFileReference; lastKnownFileType = text.plist.xml; path = Info.plist; sourceTree = "<group>"; };
		DF29F5CC2319705A009B3CBC /* ZBSImagePickerManager.swift */ = {isa = PBXFileReference; fileEncoding = 4; lastKnownFileType = sourcecode.swift; path = ZBSImagePickerManager.swift; sourceTree = "<group>"; };
		DF29F5CD2319705A009B3CBC /* ZBSAlertController.swift */ = {isa = PBXFileReference; fileEncoding = 4; lastKnownFileType = sourcecode.swift; path = ZBSAlertController.swift; sourceTree = "<group>"; };
		DF29F60A231D5A26009B3CBC /* README.md */ = {isa = PBXFileReference; fileEncoding = 4; lastKnownFileType = net.daringfireball.markdown; name = README.md; path = ../../README.md; sourceTree = "<group>"; };
		DF29F60C231D5D0D009B3CBC /* ZBSTools.podspec */ = {isa = PBXFileReference; fileEncoding = 4; lastKnownFileType = text; name = ZBSTools.podspec; path = ../../ZBSTools.podspec; sourceTree = "<group>"; };
		DF29F60E231D5D1E009B3CBC /* LICENSE */ = {isa = PBXFileReference; fileEncoding = 4; lastKnownFileType = text; name = LICENSE; path = ../../LICENSE; sourceTree = "<group>"; };
/* End PBXFileReference section */

/* Begin PBXFrameworksBuildPhase section */
		DF29F59723196279009B3CBC /* Frameworks */ = {
			isa = PBXFrameworksBuildPhase;
			buildActionMask = 2147483647;
			files = (
			);
			runOnlyForDeploymentPostprocessing = 0;
		};
		DF29F5AB2319627D009B3CBC /* Frameworks */ = {
			isa = PBXFrameworksBuildPhase;
			buildActionMask = 2147483647;
			files = (
			);
			runOnlyForDeploymentPostprocessing = 0;
		};
		DF29F5B62319627D009B3CBC /* Frameworks */ = {
			isa = PBXFrameworksBuildPhase;
			buildActionMask = 2147483647;
			files = (
			);
			runOnlyForDeploymentPostprocessing = 0;
		};
/* End PBXFrameworksBuildPhase section */

/* Begin PBXGroup section */
		DF29F59123196279009B3CBC = {
			isa = PBXGroup;
			children = (
				DF29F59C23196279009B3CBC /* ZBSToolsSample */,
				DF29F5B12319627D009B3CBC /* ZBSToolsSampleTests */,
				DF29F5BC2319627D009B3CBC /* ZBSToolsSampleUITests */,
				DF29F59B23196279009B3CBC /* Products */,
			);
			sourceTree = "<group>";
		};
		DF29F59B23196279009B3CBC /* Products */ = {
			isa = PBXGroup;
			children = (
				DF29F59A23196279009B3CBC /* ZBSToolsSample.app */,
				DF29F5AE2319627D009B3CBC /* ZBSToolsSampleTests.xctest */,
				DF29F5B92319627D009B3CBC /* ZBSToolsSampleUITests.xctest */,
			);
			name = Products;
			sourceTree = "<group>";
		};
		DF29F59C23196279009B3CBC /* ZBSToolsSample */ = {
			isa = PBXGroup;
			children = (
				DF29F60E231D5D1E009B3CBC /* LICENSE */,
				DF29F60C231D5D0D009B3CBC /* ZBSTools.podspec */,
				DF29F60A231D5A26009B3CBC /* README.md */,
				DF29F5CB2319705A009B3CBC /* Sources */,
				DF29F59D23196279009B3CBC /* AppDelegate.swift */,
				DF29F59F23196279009B3CBC /* ViewController.swift */,
				DF29F5A123196279009B3CBC /* Main.storyboard */,
				DF29F5A42319627D009B3CBC /* Assets.xcassets */,
				DF29F5A62319627D009B3CBC /* LaunchScreen.storyboard */,
				DF29F5A92319627D009B3CBC /* Info.plist */,
			);
			path = ZBSToolsSample;
			sourceTree = "<group>";
		};
		DF29F5B12319627D009B3CBC /* ZBSToolsSampleTests */ = {
			isa = PBXGroup;
			children = (
				DF29F5B22319627D009B3CBC /* ZBSToolsSampleTests.swift */,
				DF29F5B42319627D009B3CBC /* Info.plist */,
			);
			path = ZBSToolsSampleTests;
			sourceTree = "<group>";
		};
		DF29F5BC2319627D009B3CBC /* ZBSToolsSampleUITests */ = {
			isa = PBXGroup;
			children = (
				DF29F5BD2319627D009B3CBC /* ZBSToolsSampleUITests.swift */,
				DF29F5BF2319627D009B3CBC /* Info.plist */,
			);
			path = ZBSToolsSampleUITests;
			sourceTree = "<group>";
		};
		DF29F5CB2319705A009B3CBC /* Sources */ = {
			isa = PBXGroup;
			children = (
				DF29F5CC2319705A009B3CBC /* ZBSImagePickerManager.swift */,
				DF29F5CD2319705A009B3CBC /* ZBSAlertController.swift */,
			);
			name = Sources;
			path = ../../Sources;
			sourceTree = "<group>";
		};
/* End PBXGroup section */

/* Begin PBXNativeTarget section */
		DF29F59923196279009B3CBC /* ZBSToolsSample */ = {
			isa = PBXNativeTarget;
			buildConfigurationList = DF29F5C22319627D009B3CBC /* Build configuration list for PBXNativeTarget "ZBSToolsSample" */;
			buildPhases = (
				DF29F59623196279009B3CBC /* Sources */,
				DF29F59723196279009B3CBC /* Frameworks */,
				DF29F59823196279009B3CBC /* Resources */,
			);
			buildRules = (
			);
			dependencies = (
			);
			name = ZBSToolsSample;
			productName = ZBSToolsSample;
			productReference = DF29F59A23196279009B3CBC /* ZBSToolsSample.app */;
			productType = "com.apple.product-type.application";
		};
		DF29F5AD2319627D009B3CBC /* ZBSToolsSampleTests */ = {
			isa = PBXNativeTarget;
			buildConfigurationList = DF29F5C52319627D009B3CBC /* Build configuration list for PBXNativeTarget "ZBSToolsSampleTests" */;
			buildPhases = (
				DF29F5AA2319627D009B3CBC /* Sources */,
				DF29F5AB2319627D009B3CBC /* Frameworks */,
				DF29F5AC2319627D009B3CBC /* Resources */,
			);
			buildRules = (
			);
			dependencies = (
				DF29F5B02319627D009B3CBC /* PBXTargetDependency */,
			);
			name = ZBSToolsSampleTests;
			productName = ZBSToolsSampleTests;
			productReference = DF29F5AE2319627D009B3CBC /* ZBSToolsSampleTests.xctest */;
			productType = "com.apple.product-type.bundle.unit-test";
		};
		DF29F5B82319627D009B3CBC /* ZBSToolsSampleUITests */ = {
			isa = PBXNativeTarget;
			buildConfigurationList = DF29F5C82319627D009B3CBC /* Build configuration list for PBXNativeTarget "ZBSToolsSampleUITests" */;
			buildPhases = (
				DF29F5B52319627D009B3CBC /* Sources */,
				DF29F5B62319627D009B3CBC /* Frameworks */,
				DF29F5B72319627D009B3CBC /* Resources */,
			);
			buildRules = (
			);
			dependencies = (
				DF29F5BB2319627D009B3CBC /* PBXTargetDependency */,
			);
			name = ZBSToolsSampleUITests;
			productName = ZBSToolsSampleUITests;
			productReference = DF29F5B92319627D009B3CBC /* ZBSToolsSampleUITests.xctest */;
			productType = "com.apple.product-type.bundle.ui-testing";
		};
/* End PBXNativeTarget section */

/* Begin PBXProject section */
		DF29F59223196279009B3CBC /* Project object */ = {
			isa = PBXProject;
			attributes = {
				LastSwiftUpdateCheck = 1030;
				LastUpgradeCheck = 1030;
				ORGANIZATIONNAME = Jaben;
				TargetAttributes = {
					DF29F59923196279009B3CBC = {
						CreatedOnToolsVersion = 10.3;
					};
					DF29F5AD2319627D009B3CBC = {
						CreatedOnToolsVersion = 10.3;
						TestTargetID = DF29F59923196279009B3CBC;
					};
					DF29F5B82319627D009B3CBC = {
						CreatedOnToolsVersion = 10.3;
						TestTargetID = DF29F59923196279009B3CBC;
					};
				};
			};
			buildConfigurationList = DF29F59523196279009B3CBC /* Build configuration list for PBXProject "ZBSToolsSample" */;
			compatibilityVersion = "Xcode 9.3";
			developmentRegion = en;
			hasScannedForEncodings = 0;
			knownRegions = (
				en,
				Base,
			);
			mainGroup = DF29F59123196279009B3CBC;
			productRefGroup = DF29F59B23196279009B3CBC /* Products */;
			projectDirPath = "";
			projectRoot = "";
			targets = (
				DF29F59923196279009B3CBC /* ZBSToolsSample */,
				DF29F5AD2319627D009B3CBC /* ZBSToolsSampleTests */,
				DF29F5B82319627D009B3CBC /* ZBSToolsSampleUITests */,
			);
		};
/* End PBXProject section */

/* Begin PBXResourcesBuildPhase section */
		DF29F59823196279009B3CBC /* Resources */ = {
			isa = PBXResourcesBuildPhase;
			buildActionMask = 2147483647;
			files = (
				DF29F60F231D5D1E009B3CBC /* LICENSE in Resources */,
				DF29F60D231D5D0D009B3CBC /* ZBSTools.podspec in Resources */,
				DF29F5A82319627D009B3CBC /* LaunchScreen.storyboard in Resources */,
				DF29F5A52319627D009B3CBC /* Assets.xcassets in Resources */,
				DF29F60B231D5A26009B3CBC /* README.md in Resources */,
				DF29F5A323196279009B3CBC /* Main.storyboard in Resources */,
			);
			runOnlyForDeploymentPostprocessing = 0;
		};
		DF29F5AC2319627D009B3CBC /* Resources */ = {
			isa = PBXResourcesBuildPhase;
			buildActionMask = 2147483647;
			files = (
			);
			runOnlyForDeploymentPostprocessing = 0;
		};
		DF29F5B72319627D009B3CBC /* Resources */ = {
			isa = PBXResourcesBuildPhase;
			buildActionMask = 2147483647;
			files = (
			);
			runOnlyForDeploymentPostprocessing = 0;
		};
/* End PBXResourcesBuildPhase section */

/* Begin PBXSourcesBuildPhase section */
		DF29F59623196279009B3CBC /* Sources */ = {
			isa = PBXSourcesBuildPhase;
			buildActionMask = 2147483647;
			files = (
				DF29F5CE2319705A009B3CBC /* ZBSImagePickerManager.swift in Sources */,
				DF29F5A023196279009B3CBC /* ViewController.swift in Sources */,
				DF29F5CF2319705A009B3CBC /* ZBSAlertController.swift in Sources */,
				DF29F59E23196279009B3CBC /* AppDelegate.swift in Sources */,
			);
			runOnlyForDeploymentPostprocessing = 0;
		};
		DF29F5AA2319627D009B3CBC /* Sources */ = {
			isa = PBXSourcesBuildPhase;
			buildActionMask = 2147483647;
			files = (
				DF29F5B32319627D009B3CBC /* ZBSToolsSampleTests.swift in Sources */,
			);
			runOnlyForDeploymentPostprocessing = 0;
		};
		DF29F5B52319627D009B3CBC /* Sources */ = {
			isa = PBXSourcesBuildPhase;
			buildActionMask = 2147483647;
			files = (
				DF29F5BE2319627D009B3CBC /* ZBSToolsSampleUITests.swift in Sources */,
			);
			runOnlyForDeploymentPostprocessing = 0;
		};
/* End PBXSourcesBuildPhase section */

/* Begin PBXTargetDependency section */
		DF29F5B02319627D009B3CBC /* PBXTargetDependency */ = {
			isa = PBXTargetDependency;
			target = DF29F59923196279009B3CBC /* ZBSToolsSample */;
			targetProxy = DF29F5AF2319627D009B3CBC /* PBXContainerItemProxy */;
		};
		DF29F5BB2319627D009B3CBC /* PBXTargetDependency */ = {
			isa = PBXTargetDependency;
			target = DF29F59923196279009B3CBC /* ZBSToolsSample */;
			targetProxy = DF29F5BA2319627D009B3CBC /* PBXContainerItemProxy */;
		};
/* End PBXTargetDependency section */

/* Begin PBXVariantGroup section */
		DF29F5A123196279009B3CBC /* Main.storyboard */ = {
			isa = PBXVariantGroup;
			children = (
				DF29F5A223196279009B3CBC /* Base */,
			);
			name = Main.storyboard;
			sourceTree = "<group>";
		};
		DF29F5A62319627D009B3CBC /* LaunchScreen.storyboard */ = {
			isa = PBXVariantGroup;
			children = (
				DF29F5A72319627D009B3CBC /* Base */,
			);
			name = LaunchScreen.storyboard;
			sourceTree = "<group>";
		};
/* End PBXVariantGroup section */

/* Begin XCBuildConfiguration section */
		DF29F5C02319627D009B3CBC /* Debug */ = {
			isa = XCBuildConfiguration;
			buildSettings = {
				ALWAYS_SEARCH_USER_PATHS = NO;
				CLANG_ANALYZER_NONNULL = YES;
				CLANG_ANALYZER_NUMBER_OBJECT_CONVERSION = YES_AGGRESSIVE;
				CLANG_CXX_LANGUAGE_STANDARD = "gnu++14";
				CLANG_CXX_LIBRARY = "libc++";
				CLANG_ENABLE_MODULES = YES;
				CLANG_ENABLE_OBJC_ARC = YES;
				CLANG_ENABLE_OBJC_WEAK = YES;
				CLANG_WARN_BLOCK_CAPTURE_AUTORELEASING = YES;
				CLANG_WARN_BOOL_CONVERSION = YES;
				CLANG_WARN_COMMA = YES;
				CLANG_WARN_CONSTANT_CONVERSION = YES;
				CLANG_WARN_DEPRECATED_OBJC_IMPLEMENTATIONS = YES;
				CLANG_WARN_DIRECT_OBJC_ISA_USAGE = YES_ERROR;
				CLANG_WARN_DOCUMENTATION_COMMENTS = YES;
				CLANG_WARN_EMPTY_BODY = YES;
				CLANG_WARN_ENUM_CONVERSION = YES;
				CLANG_WARN_INFINITE_RECURSION = YES;
				CLANG_WARN_INT_CONVERSION = YES;
				CLANG_WARN_NON_LITERAL_NULL_CONVERSION = YES;
				CLANG_WARN_OBJC_IMPLICIT_RETAIN_SELF = YES;
				CLANG_WARN_OBJC_LITERAL_CONVERSION = YES;
				CLANG_WARN_OBJC_ROOT_CLASS = YES_ERROR;
				CLANG_WARN_RANGE_LOOP_ANALYSIS = YES;
				CLANG_WARN_STRICT_PROTOTYPES = YES;
				CLANG_WARN_SUSPICIOUS_MOVE = YES;
				CLANG_WARN_UNGUARDED_AVAILABILITY = YES_AGGRESSIVE;
				CLANG_WARN_UNREACHABLE_CODE = YES;
				CLANG_WARN__DUPLICATE_METHOD_MATCH = YES;
				CODE_SIGN_IDENTITY = "iPhone Developer";
				COPY_PHASE_STRIP = NO;
				DEBUG_INFORMATION_FORMAT = dwarf;
				ENABLE_STRICT_OBJC_MSGSEND = YES;
				ENABLE_TESTABILITY = YES;
				GCC_C_LANGUAGE_STANDARD = gnu11;
				GCC_DYNAMIC_NO_PIC = NO;
				GCC_NO_COMMON_BLOCKS = YES;
				GCC_OPTIMIZATION_LEVEL = 0;
				GCC_PREPROCESSOR_DEFINITIONS = (
					"DEBUG=1",
					"$(inherited)",
				);
				GCC_WARN_64_TO_32_BIT_CONVERSION = YES;
				GCC_WARN_ABOUT_RETURN_TYPE = YES_ERROR;
				GCC_WARN_UNDECLARED_SELECTOR = YES;
				GCC_WARN_UNINITIALIZED_AUTOS = YES_AGGRESSIVE;
				GCC_WARN_UNUSED_FUNCTION = YES;
				GCC_WARN_UNUSED_VARIABLE = YES;
				IPHONEOS_DEPLOYMENT_TARGET = 12.4;
				MTL_ENABLE_DEBUG_INFO = INCLUDE_SOURCE;
				MTL_FAST_MATH = YES;
				ONLY_ACTIVE_ARCH = YES;
				SDKROOT = iphoneos;
				SWIFT_ACTIVE_COMPILATION_CONDITIONS = DEBUG;
				SWIFT_OPTIMIZATION_LEVEL = "-Onone";
			};
			name = Debug;
		};
		DF29F5C12319627D009B3CBC /* Release */ = {
			isa = XCBuildConfiguration;
			buildSettings = {
				ALWAYS_SEARCH_USER_PATHS = NO;
				CLANG_ANALYZER_NONNULL = YES;
				CLANG_ANALYZER_NUMBER_OBJECT_CONVERSION = YES_AGGRESSIVE;
				CLANG_CXX_LANGUAGE_STANDARD = "gnu++14";
				CLANG_CXX_LIBRARY = "libc++";
				CLANG_ENABLE_MODULES = YES;
				CLANG_ENABLE_OBJC_ARC = YES;
				CLANG_ENABLE_OBJC_WEAK = YES;
				CLANG_WARN_BLOCK_CAPTURE_AUTORELEASING = YES;
				CLANG_WARN_BOOL_CONVERSION = YES;
				CLANG_WARN_COMMA = YES;
				CLANG_WARN_CONSTANT_CONVERSION = YES;
				CLANG_WARN_DEPRECATED_OBJC_IMPLEMENTATIONS = YES;
				CLANG_WARN_DIRECT_OBJC_ISA_USAGE = YES_ERROR;
				CLANG_WARN_DOCUMENTATION_COMMENTS = YES;
				CLANG_WARN_EMPTY_BODY = YES;
				CLANG_WARN_ENUM_CONVERSION = YES;
				CLANG_WARN_INFINITE_RECURSION = YES;
				CLANG_WARN_INT_CONVERSION = YES;
				CLANG_WARN_NON_LITERAL_NULL_CONVERSION = YES;
				CLANG_WARN_OBJC_IMPLICIT_RETAIN_SELF = YES;
				CLANG_WARN_OBJC_LITERAL_CONVERSION = YES;
				CLANG_WARN_OBJC_ROOT_CLASS = YES_ERROR;
				CLANG_WARN_RANGE_LOOP_ANALYSIS = YES;
				CLANG_WARN_STRICT_PROTOTYPES = YES;
				CLANG_WARN_SUSPICIOUS_MOVE = YES;
				CLANG_WARN_UNGUARDED_AVAILABILITY = YES_AGGRESSIVE;
				CLANG_WARN_UNREACHABLE_CODE = YES;
				CLANG_WARN__DUPLICATE_METHOD_MATCH = YES;
				CODE_SIGN_IDENTITY = "iPhone Developer";
				COPY_PHASE_STRIP = NO;
				DEBUG_INFORMATION_FORMAT = "dwarf-with-dsym";
				ENABLE_NS_ASSERTIONS = NO;
				ENABLE_STRICT_OBJC_MSGSEND = YES;
				GCC_C_LANGUAGE_STANDARD = gnu11;
				GCC_NO_COMMON_BLOCKS = YES;
				GCC_WARN_64_TO_32_BIT_CONVERSION = YES;
				GCC_WARN_ABOUT_RETURN_TYPE = YES_ERROR;
				GCC_WARN_UNDECLARED_SELECTOR = YES;
				GCC_WARN_UNINITIALIZED_AUTOS = YES_AGGRESSIVE;
				GCC_WARN_UNUSED_FUNCTION = YES;
				GCC_WARN_UNUSED_VARIABLE = YES;
				IPHONEOS_DEPLOYMENT_TARGET = 12.4;
				MTL_ENABLE_DEBUG_INFO = NO;
				MTL_FAST_MATH = YES;
				SDKROOT = iphoneos;
				SWIFT_COMPILATION_MODE = wholemodule;
				SWIFT_OPTIMIZATION_LEVEL = "-O";
				VALIDATE_PRODUCT = YES;
			};
			name = Release;
		};
		DF29F5C32319627D009B3CBC /* Debug */ = {
			isa = XCBuildConfiguration;
			buildSettings = {
				ASSETCATALOG_COMPILER_APPICON_NAME = AppIcon;
				CODE_SIGN_STYLE = Automatic;
				DEVELOPMENT_TEAM = "";
				INFOPLIST_FILE = ZBSToolsSample/Info.plist;
				IPHONEOS_DEPLOYMENT_TARGET = 9.0;
				LD_RUNPATH_SEARCH_PATHS = (
					"$(inherited)",
					"@executable_path/Frameworks",
				);
				PRODUCT_BUNDLE_IDENTIFIER = com.jaben.ZBSToolsSample;
				PRODUCT_NAME = "$(TARGET_NAME)";
				SWIFT_VERSION = 5.0;
				TARGETED_DEVICE_FAMILY = "1,2";
			};
			name = Debug;
		};
		DF29F5C42319627D009B3CBC /* Release */ = {
			isa = XCBuildConfiguration;
			buildSettings = {
				ASSETCATALOG_COMPILER_APPICON_NAME = AppIcon;
				CODE_SIGN_STYLE = Automatic;
				DEVELOPMENT_TEAM = "";
				INFOPLIST_FILE = ZBSToolsSample/Info.plist;
				IPHONEOS_DEPLOYMENT_TARGET = 9.0;
				LD_RUNPATH_SEARCH_PATHS = (
					"$(inherited)",
					"@executable_path/Frameworks",
				);
				PRODUCT_BUNDLE_IDENTIFIER = com.jaben.ZBSToolsSample;
				PRODUCT_NAME = "$(TARGET_NAME)";
				SWIFT_VERSION = 5.0;
				TARGETED_DEVICE_FAMILY = "1,2";
			};
			name = Release;
		};
		DF29F5C62319627D009B3CBC /* Debug */ = {
			isa = XCBuildConfiguration;
			buildSettings = {
				ALWAYS_EMBED_SWIFT_STANDARD_LIBRARIES = YES;
				BUNDLE_LOADER = "$(TEST_HOST)";
				CODE_SIGN_STYLE = Automatic;
				DEVELOPMENT_TEAM = SU8WEJ4S57;
				INFOPLIST_FILE = ZBSToolsSampleTests/Info.plist;
				LD_RUNPATH_SEARCH_PATHS = (
					"$(inherited)",
					"@executable_path/Frameworks",
					"@loader_path/Frameworks",
				);
				PRODUCT_BUNDLE_IDENTIFIER = com.jaben.ZBSToolsSampleTests;
				PRODUCT_NAME = "$(TARGET_NAME)";
				SWIFT_VERSION = 5.0;
				TARGETED_DEVICE_FAMILY = "1,2";
				TEST_HOST = "$(BUILT_PRODUCTS_DIR)/ZBSToolsSample.app/ZBSToolsSample";
			};
			name = Debug;
		};
		DF29F5C72319627D009B3CBC /* Release */ = {
			isa = XCBuildConfiguration;
			buildSettings = {
				ALWAYS_EMBED_SWIFT_STANDARD_LIBRARIES = YES;
				BUNDLE_LOADER = "$(TEST_HOST)";
				CODE_SIGN_STYLE = Automatic;
				DEVELOPMENT_TEAM = SU8WEJ4S57;
				INFOPLIST_FILE = ZBSToolsSampleTests/Info.plist;
				LD_RUNPATH_SEARCH_PATHS = (
					"$(inherited)",
					"@executable_path/Frameworks",
					"@loader_path/Frameworks",
				);
				PRODUCT_BUNDLE_IDENTIFIER = com.jaben.ZBSToolsSampleTests;
				PRODUCT_NAME = "$(TARGET_NAME)";
				SWIFT_VERSION = 5.0;
				TARGETED_DEVICE_FAMILY = "1,2";
				TEST_HOST = "$(BUILT_PRODUCTS_DIR)/ZBSToolsSample.app/ZBSToolsSample";
			};
			name = Release;
		};
		DF29F5C92319627D009B3CBC /* Debug */ = {
			isa = XCBuildConfiguration;
			buildSettings = {
				ALWAYS_EMBED_SWIFT_STANDARD_LIBRARIES = YES;
				CODE_SIGN_STYLE = Automatic;
				DEVELOPMENT_TEAM = SU8WEJ4S57;
				INFOPLIST_FILE = ZBSToolsSampleUITests/Info.plist;
				LD_RUNPATH_SEARCH_PATHS = (
					"$(inherited)",
					"@executable_path/Frameworks",
					"@loader_path/Frameworks",
				);
				PRODUCT_BUNDLE_IDENTIFIER = com.jaben.ZBSToolsSampleUITests;
				PRODUCT_NAME = "$(TARGET_NAME)";
				SWIFT_VERSION = 5.0;
				TARGETED_DEVICE_FAMILY = "1,2";
				TEST_TARGET_NAME = ZBSToolsSample;
			};
			name = Debug;
		};
		DF29F5CA2319627D009B3CBC /* Release */ = {
			isa = XCBuildConfiguration;
			buildSettings = {
				ALWAYS_EMBED_SWIFT_STANDARD_LIBRARIES = YES;
				CODE_SIGN_STYLE = Automatic;
				DEVELOPMENT_TEAM = SU8WEJ4S57;
				INFOPLIST_FILE = ZBSToolsSampleUITests/Info.plist;
				LD_RUNPATH_SEARCH_PATHS = (
					"$(inherited)",
					"@executable_path/Frameworks",
					"@loader_path/Frameworks",
				);
				PRODUCT_BUNDLE_IDENTIFIER = com.jaben.ZBSToolsSampleUITests;
				PRODUCT_NAME = "$(TARGET_NAME)";
				SWIFT_VERSION = 5.0;
				TARGETED_DEVICE_FAMILY = "1,2";
				TEST_TARGET_NAME = ZBSToolsSample;
			};
			name = Release;
		};
/* End XCBuildConfiguration section */

/* Begin XCConfigurationList section */
		DF29F59523196279009B3CBC /* Build configuration list for PBXProject "ZBSToolsSample" */ = {
			isa = XCConfigurationList;
			buildConfigurations = (
				DF29F5C02319627D009B3CBC /* Debug */,
				DF29F5C12319627D009B3CBC /* Release */,
			);
			defaultConfigurationIsVisible = 0;
			defaultConfigurationName = Release;
		};
		DF29F5C22319627D009B3CBC /* Build configuration list for PBXNativeTarget "ZBSToolsSample" */ = {
			isa = XCConfigurationList;
			buildConfigurations = (
				DF29F5C32319627D009B3CBC /* Debug */,
				DF29F5C42319627D009B3CBC /* Release */,
			);
			defaultConfigurationIsVisible = 0;
			defaultConfigurationName = Release;
		};
		DF29F5C52319627D009B3CBC /* Build configuration list for PBXNativeTarget "ZBSToolsSampleTests" */ = {
			isa = XCConfigurationList;
			buildConfigurations = (
				DF29F5C62319627D009B3CBC /* Debug */,
				DF29F5C72319627D009B3CBC /* Release */,
			);
			defaultConfigurationIsVisible = 0;
			defaultConfigurationName = Release;
		};
		DF29F5C82319627D009B3CBC /* Build configuration list for PBXNativeTarget "ZBSToolsSampleUITests" */ = {
			isa = XCConfigurationList;
			buildConfigurations = (
				DF29F5C92319627D009B3CBC /* Debug */,
				DF29F5CA2319627D009B3CBC /* Release */,
			);
			defaultConfigurationIsVisible = 0;
			defaultConfigurationName = Release;
		};
/* End XCConfigurationList section */
	};
	rootObject = DF29F59223196279009B3CBC /* Project object */;
}
